
Microsoft Visual Studio Solution File, Format Version 12.00
# Visual Studio Version 16
VisualStudioVersion = 16.0.31410.357
MinimumVisualStudioVersion = 10.0.40219.1
Project("{FAE04EC0-301F-11D3-BF4B-00C04F79EFBC}") = "n2n_client", "n2n_client.csproj", "{F11C7EB2-1277-486F-9972-50A7A5F93A05}"
EndProject
Global
	GlobalSection(SolutionConfigurationPlatforms) = preSolution
		Debug|Any CPU = Debug|Any CPU
		Release|Any CPU = Release|Any CPU
	EndGlobalSection
	GlobalSection(ProjectConfigurationPlatforms) = postSolution
		{F11C7EB2-1277-486F-9972-50A7A5F93A05}.Debug|Any CPU.ActiveCfg = Debug|Any CPU
		{F11C7EB2-1277-486F-9972-50A7A5F93A05}.Debug|Any CPU.Build.0 = Debug|Any CPU
		{F11C7EB2-1277-486F-9972-50A7A5F93A05}.Release|Any CPU.ActiveCfg = Release|Any CPU
		{F11C7EB2-1277-486F-9972-50A7A5F93A05}.Release|Any CPU.Build.0 = Release|Any CPU
	EndGlobalSection
	GlobalSection(SolutionProperties) = preSolution
		HideSolutionNode = FALSE
	EndGlobalSection
	GlobalSection(ExtensibilityGlobals) = postSolution
		SolutionGuid = {1E375CAA-B845-4953-94AC-830203554FC0}
	EndGlobalSection
EndGlobal
